// !$*UTF8*$!
{
	archiveVersion = 1;
	classes = {
	};
	objectVersion = 56;
	objects = {

/* Begin PBXBuildFile section */
		3B1EBA7329F944E000444EEB /* KindeSDK.framework in Frameworks */ = {isa = PBXBuildFile; fileRef = 3B1EBA6B29F944E000444EEB /* KindeSDK.framework */; settings = {ATTRIBUTES = (Required, ); }; };
		3B1EBAAF29F945DB00444EEB /* KindeSDK.podspec in Resources */ = {isa = PBXBuildFile; fileRef = 3B1EBA8129F945DA00444EEB /* KindeSDK.podspec */; };
		3B1EBAD329F945DB00444EEB /* Package.resolved in Resources */ = {isa = PBXBuildFile; fileRef = 3B1EBAAC29F945DA00444EEB /* Package.resolved */; };
		3B1EBAD429F945DB00444EEB /* LICENSE in Resources */ = {isa = PBXBuildFile; fileRef = 3B1EBAAD29F945DA00444EEB /* LICENSE */; };
		3B1EBAEF29F9472300444EEB /* AuthErrorSpec.swift in Sources */ = {isa = PBXBuildFile; fileRef = 3B1EBAE929F9472300444EEB /* AuthErrorSpec.swift */; };
		3B1EBAF029F9472300444EEB /* ConfigSpec.swift in Sources */ = {isa = PBXBuildFile; fileRef = 3B1EBAEA29F9472300444EEB /* ConfigSpec.swift */; };
		3B1EBAF129F9472300444EEB /* StringJWTTokenDecodeSpec.swift in Sources */ = {isa = PBXBuildFile; fileRef = 3B1EBAEB29F9472300444EEB /* StringJWTTokenDecodeSpec.swift */; };
		3B1EBAF329F9472300444EEB /* DefaultLoggerSpec.swift in Sources */ = {isa = PBXBuildFile; fileRef = 3B1EBAED29F9472300444EEB /* DefaultLoggerSpec.swift */; };
		3B4B332D29F9490600D45A5A /* AppAuth in Frameworks */ = {isa = PBXBuildFile; productRef = 3B4B332C29F9490600D45A5A /* AppAuth */; };
		3B4B332F29F9490600D45A5A /* AppAuthCore in Frameworks */ = {isa = PBXBuildFile; productRef = 3B4B332E29F9490600D45A5A /* AppAuthCore */; };
		3B4B333129F9490600D45A5A /* AppAuthTV in Frameworks */ = {isa = PBXBuildFile; productRef = 3B4B333029F9490600D45A5A /* AppAuthTV */; };
		3B4B333429F9493D00D45A5A /* Quick in Frameworks */ = {isa = PBXBuildFile; productRef = 3B4B333329F9493D00D45A5A /* Quick */; };
		3B4B333729F9496400D45A5A /* Nimble in Frameworks */ = {isa = PBXBuildFile; productRef = 3B4B333629F9496400D45A5A /* Nimble */; };
		3B641BBF29FAF01400D79AD5 /* OAuthAPI.swift in Sources */ = {isa = PBXBuildFile; fileRef = 3B641B9B29FAF01400D79AD5 /* OAuthAPI.swift */; };
		3B641BC029FAF01400D79AD5 /* UsersAPI.swift in Sources */ = {isa = PBXBuildFile; fileRef = 3B641B9C29FAF01400D79AD5 /* UsersAPI.swift */; };
		3B641BC129FAF01400D79AD5 /* Tokens.swift in Sources */ = {isa = PBXBuildFile; fileRef = 3B641B9E29FAF01400D79AD5 /* Tokens.swift */; };
		3B641BC229FAF01400D79AD5 /* AuthStateRepository.swift in Sources */ = {isa = PBXBuildFile; fileRef = 3B641B9F29FAF01400D79AD5 /* AuthStateRepository.swift */; };
		3B641BC329FAF01400D79AD5 /* AuthError.swift in Sources */ = {isa = PBXBuildFile; fileRef = 3B641BA029FAF01400D79AD5 /* AuthError.swift */; };
		3B641BC429FAF01400D79AD5 /* DefaultLogger.swift in Sources */ = {isa = PBXBuildFile; fileRef = 3B641BA129FAF01400D79AD5 /* DefaultLogger.swift */; };
		3B641BC529FAF01400D79AD5 /* Auth.swift in Sources */ = {isa = PBXBuildFile; fileRef = 3B641BA229FAF01400D79AD5 /* Auth.swift */; };
		3B641BC629FAF01400D79AD5 /* Config.swift in Sources */ = {isa = PBXBuildFile; fileRef = 3B641BA329FAF01400D79AD5 /* Config.swift */; };
		3B641BC729FAF01400D79AD5 /* BearerTokenHandler.swift in Sources */ = {isa = PBXBuildFile; fileRef = 3B641BA429FAF01400D79AD5 /* BearerTokenHandler.swift */; };
		3B641BC829FAF01400D79AD5 /* BearerRequestBuilderFactory.swift in Sources */ = {isa = PBXBuildFile; fileRef = 3B641BA529FAF01400D79AD5 /* BearerRequestBuilderFactory.swift */; };
		3B641BC929FAF01400D79AD5 /* BearerRequestBuilder.swift in Sources */ = {isa = PBXBuildFile; fileRef = 3B641BA629FAF01400D79AD5 /* BearerRequestBuilder.swift */; };
		3B641BCA29FAF01400D79AD5 /* BearerDecodableRequestBuilder.swift in Sources */ = {isa = PBXBuildFile; fileRef = 3B641BA729FAF01400D79AD5 /* BearerDecodableRequestBuilder.swift */; };
		3B641BCB29FAF01400D79AD5 /* APIs.swift in Sources */ = {isa = PBXBuildFile; fileRef = 3B641BA829FAF01400D79AD5 /* APIs.swift */; };
		3B641BCC29FAF01400D79AD5 /* APIHelper.swift in Sources */ = {isa = PBXBuildFile; fileRef = 3B641BAA29FAF01400D79AD5 /* APIHelper.swift */; };
		3B641BCD29FAF01400D79AD5 /* URLSessionImplementations.swift in Sources */ = {isa = PBXBuildFile; fileRef = 3B641BAB29FAF01400D79AD5 /* URLSessionImplementations.swift */; };
		3B641BCE29FAF01400D79AD5 /* CodableHelper.swift in Sources */ = {isa = PBXBuildFile; fileRef = 3B641BAC29FAF01400D79AD5 /* CodableHelper.swift */; };
		3B641BCF29FAF01400D79AD5 /* OpenISO8601DateFormatter.swift in Sources */ = {isa = PBXBuildFile; fileRef = 3B641BAD29FAF01400D79AD5 /* OpenISO8601DateFormatter.swift */; };
		3B641BD029FAF01400D79AD5 /* Extensions.swift in Sources */ = {isa = PBXBuildFile; fileRef = 3B641BAE29FAF01400D79AD5 /* Extensions.swift */; };
		3B641BD129FAF01400D79AD5 /* Keychain.swift in Sources */ = {isa = PBXBuildFile; fileRef = 3B641BAF29FAF01400D79AD5 /* Keychain.swift */; };
		3B641BD229FAF01400D79AD5 /* JSONDataEncoding.swift in Sources */ = {isa = PBXBuildFile; fileRef = 3B641BB029FAF01400D79AD5 /* JSONDataEncoding.swift */; };
		3B641BD329FAF01400D79AD5 /* JSONEncodingHelper.swift in Sources */ = {isa = PBXBuildFile; fileRef = 3B641BB129FAF01400D79AD5 /* JSONEncodingHelper.swift */; };
		3B641BD429FAF01400D79AD5 /* Models.swift in Sources */ = {isa = PBXBuildFile; fileRef = 3B641BB229FAF01400D79AD5 /* Models.swift */; };
		3B641BD529FAF01400D79AD5 /* String+JWTTokenDecode.swift in Sources */ = {isa = PBXBuildFile; fileRef = 3B641BB329FAF01400D79AD5 /* String+JWTTokenDecode.swift */; };
		3B641BD629FAF01400D79AD5 /* AtomicWrapper.swift in Sources */ = {isa = PBXBuildFile; fileRef = 3B641BB429FAF01400D79AD5 /* AtomicWrapper.swift */; };
		3B641BD729FAF01400D79AD5 /* Users.swift in Sources */ = {isa = PBXBuildFile; fileRef = 3B641BB629FAF01400D79AD5 /* Users.swift */; };
		3B641BD829FAF01400D79AD5 /* UserProfile.swift in Sources */ = {isa = PBXBuildFile; fileRef = 3B641BB729FAF01400D79AD5 /* UserProfile.swift */; };
		3B641BD929FAF01400D79AD5 /* User.swift in Sources */ = {isa = PBXBuildFile; fileRef = 3B641BB829FAF01400D79AD5 /* User.swift */; };
		3B641BDA29FAF01400D79AD5 /* OAuthAPI.md in Resources */ = {isa = PBXBuildFile; fileRef = 3B641BBA29FAF01400D79AD5 /* OAuthAPI.md */; };
		3B641BDB29FAF01400D79AD5 /* UsersAPI.md in Resources */ = {isa = PBXBuildFile; fileRef = 3B641BBB29FAF01400D79AD5 /* UsersAPI.md */; };
		3B641BDC29FAF01400D79AD5 /* Users.md in Resources */ = {isa = PBXBuildFile; fileRef = 3B641BBC29FAF01400D79AD5 /* Users.md */; };
		3B641BDD29FAF01400D79AD5 /* UserProfile.md in Resources */ = {isa = PBXBuildFile; fileRef = 3B641BBD29FAF01400D79AD5 /* UserProfile.md */; };
		3B641BDE29FAF01400D79AD5 /* User.md in Resources */ = {isa = PBXBuildFile; fileRef = 3B641BBE29FAF01400D79AD5 /* User.md */; };
		3B641BE929FB0F6300D79AD5 /* AuthSpec.swift in Sources */ = {isa = PBXBuildFile; fileRef = 3B641BE829FB0F6300D79AD5 /* AuthSpec.swift */; };
/* End PBXBuildFile section */

/* Begin PBXContainerItemProxy section */
		3B1EBA7429F944E000444EEB /* PBXContainerItemProxy */ = {
			isa = PBXContainerItemProxy;
			containerPortal = 3B1EBA4529F943B200444EEB /* Project object */;
			proxyType = 1;
			remoteGlobalIDString = 3B1EBA6A29F944E000444EEB;
			remoteInfo = KindeSDKiOS;
		};
/* End PBXContainerItemProxy section */

/* Begin PBXFileReference section */
		3B1EBA6B29F944E000444EEB /* KindeSDK.framework */ = {isa = PBXFileReference; explicitFileType = wrapper.framework; includeInIndex = 0; path = KindeSDK.framework; sourceTree = BUILT_PRODUCTS_DIR; };
		3B1EBA7229F944E000444EEB /* KindeSDKTests.xctest */ = {isa = PBXFileReference; explicitFileType = wrapper.cfbundle; includeInIndex = 0; path = KindeSDKTests.xctest; sourceTree = BUILT_PRODUCTS_DIR; };
		3B1EBA8129F945DA00444EEB /* KindeSDK.podspec */ = {isa = PBXFileReference; fileEncoding = 4; lastKnownFileType = text; path = KindeSDK.podspec; sourceTree = "<group>"; };
		3B1EBAAC29F945DA00444EEB /* Package.resolved */ = {isa = PBXFileReference; fileEncoding = 4; lastKnownFileType = text; path = Package.resolved; sourceTree = "<group>"; };
		3B1EBAAD29F945DA00444EEB /* LICENSE */ = {isa = PBXFileReference; fileEncoding = 4; lastKnownFileType = text; path = LICENSE; sourceTree = "<group>"; };
		3B1EBAE929F9472300444EEB /* AuthErrorSpec.swift */ = {isa = PBXFileReference; fileEncoding = 4; lastKnownFileType = sourcecode.swift; path = AuthErrorSpec.swift; sourceTree = "<group>"; };
		3B1EBAEA29F9472300444EEB /* ConfigSpec.swift */ = {isa = PBXFileReference; fileEncoding = 4; lastKnownFileType = sourcecode.swift; path = ConfigSpec.swift; sourceTree = "<group>"; };
		3B1EBAEB29F9472300444EEB /* StringJWTTokenDecodeSpec.swift */ = {isa = PBXFileReference; fileEncoding = 4; lastKnownFileType = sourcecode.swift; path = StringJWTTokenDecodeSpec.swift; sourceTree = "<group>"; };
		3B1EBAED29F9472300444EEB /* DefaultLoggerSpec.swift */ = {isa = PBXFileReference; fileEncoding = 4; lastKnownFileType = sourcecode.swift; path = DefaultLoggerSpec.swift; sourceTree = "<group>"; };
		3B641B9B29FAF01400D79AD5 /* OAuthAPI.swift */ = {isa = PBXFileReference; fileEncoding = 4; lastKnownFileType = sourcecode.swift; path = OAuthAPI.swift; sourceTree = "<group>"; };
		3B641B9C29FAF01400D79AD5 /* UsersAPI.swift */ = {isa = PBXFileReference; fileEncoding = 4; lastKnownFileType = sourcecode.swift; path = UsersAPI.swift; sourceTree = "<group>"; };
		3B641B9E29FAF01400D79AD5 /* Tokens.swift */ = {isa = PBXFileReference; fileEncoding = 4; lastKnownFileType = sourcecode.swift; path = Tokens.swift; sourceTree = "<group>"; };
		3B641B9F29FAF01400D79AD5 /* AuthStateRepository.swift */ = {isa = PBXFileReference; fileEncoding = 4; lastKnownFileType = sourcecode.swift; path = AuthStateRepository.swift; sourceTree = "<group>"; };
		3B641BA029FAF01400D79AD5 /* AuthError.swift */ = {isa = PBXFileReference; fileEncoding = 4; lastKnownFileType = sourcecode.swift; path = AuthError.swift; sourceTree = "<group>"; };
		3B641BA129FAF01400D79AD5 /* DefaultLogger.swift */ = {isa = PBXFileReference; fileEncoding = 4; lastKnownFileType = sourcecode.swift; path = DefaultLogger.swift; sourceTree = "<group>"; };
		3B641BA229FAF01400D79AD5 /* Auth.swift */ = {isa = PBXFileReference; fileEncoding = 4; lastKnownFileType = sourcecode.swift; path = Auth.swift; sourceTree = "<group>"; };
		3B641BA329FAF01400D79AD5 /* Config.swift */ = {isa = PBXFileReference; fileEncoding = 4; lastKnownFileType = sourcecode.swift; path = Config.swift; sourceTree = "<group>"; };
		3B641BA429FAF01400D79AD5 /* BearerTokenHandler.swift */ = {isa = PBXFileReference; fileEncoding = 4; lastKnownFileType = sourcecode.swift; path = BearerTokenHandler.swift; sourceTree = "<group>"; };
		3B641BA529FAF01400D79AD5 /* BearerRequestBuilderFactory.swift */ = {isa = PBXFileReference; fileEncoding = 4; lastKnownFileType = sourcecode.swift; path = BearerRequestBuilderFactory.swift; sourceTree = "<group>"; };
		3B641BA629FAF01400D79AD5 /* BearerRequestBuilder.swift */ = {isa = PBXFileReference; fileEncoding = 4; lastKnownFileType = sourcecode.swift; path = BearerRequestBuilder.swift; sourceTree = "<group>"; };
		3B641BA729FAF01400D79AD5 /* BearerDecodableRequestBuilder.swift */ = {isa = PBXFileReference; fileEncoding = 4; lastKnownFileType = sourcecode.swift; path = BearerDecodableRequestBuilder.swift; sourceTree = "<group>"; };
		3B641BA829FAF01400D79AD5 /* APIs.swift */ = {isa = PBXFileReference; fileEncoding = 4; lastKnownFileType = sourcecode.swift; path = APIs.swift; sourceTree = "<group>"; };
		3B641BAA29FAF01400D79AD5 /* APIHelper.swift */ = {isa = PBXFileReference; fileEncoding = 4; lastKnownFileType = sourcecode.swift; path = APIHelper.swift; sourceTree = "<group>"; };
		3B641BAB29FAF01400D79AD5 /* URLSessionImplementations.swift */ = {isa = PBXFileReference; fileEncoding = 4; lastKnownFileType = sourcecode.swift; path = URLSessionImplementations.swift; sourceTree = "<group>"; };
		3B641BAC29FAF01400D79AD5 /* CodableHelper.swift */ = {isa = PBXFileReference; fileEncoding = 4; lastKnownFileType = sourcecode.swift; path = CodableHelper.swift; sourceTree = "<group>"; };
		3B641BAD29FAF01400D79AD5 /* OpenISO8601DateFormatter.swift */ = {isa = PBXFileReference; fileEncoding = 4; lastKnownFileType = sourcecode.swift; path = OpenISO8601DateFormatter.swift; sourceTree = "<group>"; };
		3B641BAE29FAF01400D79AD5 /* Extensions.swift */ = {isa = PBXFileReference; fileEncoding = 4; lastKnownFileType = sourcecode.swift; path = Extensions.swift; sourceTree = "<group>"; };
		3B641BAF29FAF01400D79AD5 /* Keychain.swift */ = {isa = PBXFileReference; fileEncoding = 4; lastKnownFileType = sourcecode.swift; path = Keychain.swift; sourceTree = "<group>"; };
		3B641BB029FAF01400D79AD5 /* JSONDataEncoding.swift */ = {isa = PBXFileReference; fileEncoding = 4; lastKnownFileType = sourcecode.swift; path = JSONDataEncoding.swift; sourceTree = "<group>"; };
		3B641BB129FAF01400D79AD5 /* JSONEncodingHelper.swift */ = {isa = PBXFileReference; fileEncoding = 4; lastKnownFileType = sourcecode.swift; path = JSONEncodingHelper.swift; sourceTree = "<group>"; };
		3B641BB229FAF01400D79AD5 /* Models.swift */ = {isa = PBXFileReference; fileEncoding = 4; lastKnownFileType = sourcecode.swift; path = Models.swift; sourceTree = "<group>"; };
		3B641BB329FAF01400D79AD5 /* String+JWTTokenDecode.swift */ = {isa = PBXFileReference; fileEncoding = 4; lastKnownFileType = sourcecode.swift; path = "String+JWTTokenDecode.swift"; sourceTree = "<group>"; };
		3B641BB429FAF01400D79AD5 /* AtomicWrapper.swift */ = {isa = PBXFileReference; fileEncoding = 4; lastKnownFileType = sourcecode.swift; path = AtomicWrapper.swift; sourceTree = "<group>"; };
		3B641BB629FAF01400D79AD5 /* Users.swift */ = {isa = PBXFileReference; fileEncoding = 4; lastKnownFileType = sourcecode.swift; path = Users.swift; sourceTree = "<group>"; };
		3B641BB729FAF01400D79AD5 /* UserProfile.swift */ = {isa = PBXFileReference; fileEncoding = 4; lastKnownFileType = sourcecode.swift; path = UserProfile.swift; sourceTree = "<group>"; };
		3B641BB829FAF01400D79AD5 /* User.swift */ = {isa = PBXFileReference; fileEncoding = 4; lastKnownFileType = sourcecode.swift; path = User.swift; sourceTree = "<group>"; };
		3B641BBA29FAF01400D79AD5 /* OAuthAPI.md */ = {isa = PBXFileReference; fileEncoding = 4; lastKnownFileType = net.daringfireball.markdown; path = OAuthAPI.md; sourceTree = "<group>"; };
		3B641BBB29FAF01400D79AD5 /* UsersAPI.md */ = {isa = PBXFileReference; fileEncoding = 4; lastKnownFileType = net.daringfireball.markdown; path = UsersAPI.md; sourceTree = "<group>"; };
		3B641BBC29FAF01400D79AD5 /* Users.md */ = {isa = PBXFileReference; fileEncoding = 4; lastKnownFileType = net.daringfireball.markdown; path = Users.md; sourceTree = "<group>"; };
		3B641BBD29FAF01400D79AD5 /* UserProfile.md */ = {isa = PBXFileReference; fileEncoding = 4; lastKnownFileType = net.daringfireball.markdown; path = UserProfile.md; sourceTree = "<group>"; };
		3B641BBE29FAF01400D79AD5 /* User.md */ = {isa = PBXFileReference; fileEncoding = 4; lastKnownFileType = net.daringfireball.markdown; path = User.md; sourceTree = "<group>"; };
		3B641BE829FB0F6300D79AD5 /* AuthSpec.swift */ = {isa = PBXFileReference; lastKnownFileType = sourcecode.swift; path = AuthSpec.swift; sourceTree = "<group>"; };
/* End PBXFileReference section */

/* Begin PBXFrameworksBuildPhase section */
		3B1EBA6829F944E000444EEB /* Frameworks */ = {
			isa = PBXFrameworksBuildPhase;
			buildActionMask = 2147483647;
			files = (
				3B4B333729F9496400D45A5A /* Nimble in Frameworks */,
				3B4B333129F9490600D45A5A /* AppAuthTV in Frameworks */,
				3B4B332D29F9490600D45A5A /* AppAuth in Frameworks */,
				3B4B333429F9493D00D45A5A /* Quick in Frameworks */,
				3B4B332F29F9490600D45A5A /* AppAuthCore in Frameworks */,
			);
			runOnlyForDeploymentPostprocessing = 0;
		};
		3B1EBA6F29F944E000444EEB /* Frameworks */ = {
			isa = PBXFrameworksBuildPhase;
			buildActionMask = 2147483647;
			files = (
				3B1EBA7329F944E000444EEB /* KindeSDK.framework in Frameworks */,
			);
			runOnlyForDeploymentPostprocessing = 0;
		};
/* End PBXFrameworksBuildPhase section */

/* Begin PBXGroup section */
		3B1EBA4429F943B200444EEB = {
			isa = PBXGroup;
			children = (
				3B1EBA8129F945DA00444EEB /* KindeSDK.podspec */,
				3B1EBAAD29F945DA00444EEB /* LICENSE */,
				3B1EBAAC29F945DA00444EEB /* Package.resolved */,
				3B1EBA8429F945DA00444EEB /* Sources */,
				3B1EBA8329F945DA00444EEB /* Tests */,
				3B1EBA4F29F943B200444EEB /* Products */,
				3B1EBAF529F947DA00444EEB /* Frameworks */,
			);
			sourceTree = "<group>";
		};
		3B1EBA4F29F943B200444EEB /* Products */ = {
			isa = PBXGroup;
			children = (
				3B1EBA6B29F944E000444EEB /* KindeSDK.framework */,
				3B1EBA7229F944E000444EEB /* KindeSDKTests.xctest */,
			);
			name = Products;
			sourceTree = "<group>";
		};
		3B1EBA8329F945DA00444EEB /* Tests */ = {
			isa = PBXGroup;
			children = (
				3B1EBAE929F9472300444EEB /* AuthErrorSpec.swift */,
				3B1EBAEA29F9472300444EEB /* ConfigSpec.swift */,
				3B1EBAED29F9472300444EEB /* DefaultLoggerSpec.swift */,
				3B1EBAEB29F9472300444EEB /* StringJWTTokenDecodeSpec.swift */,
				3B641BE829FB0F6300D79AD5 /* AuthSpec.swift */,
			);
			path = Tests;
			sourceTree = "<group>";
		};
		3B1EBA8429F945DA00444EEB /* Sources */ = {
			isa = PBXGroup;
			children = (
				3B641BB929FAF01400D79AD5 /* docs */,
				3B641B9929FAF01400D79AD5 /* KindeSDK */,
			);
			path = Sources;
			sourceTree = "<group>";
		};
		3B1EBAF529F947DA00444EEB /* Frameworks */ = {
			isa = PBXGroup;
			children = (
			);
			name = Frameworks;
			sourceTree = "<group>";
		};
		3B641B9929FAF01400D79AD5 /* KindeSDK */ = {
			isa = PBXGroup;
			children = (
				3B641B9A29FAF01400D79AD5 /* APIs */,
				3B641B9D29FAF01400D79AD5 /* Auth */,
				3B641BA829FAF01400D79AD5 /* APIs.swift */,
				3B641BA929FAF01400D79AD5 /* Utils */,
				3B641BB529FAF01400D79AD5 /* Models */,
			);
			path = KindeSDK;
			sourceTree = "<group>";
		};
		3B641B9A29FAF01400D79AD5 /* APIs */ = {
			isa = PBXGroup;
			children = (
				3B641B9B29FAF01400D79AD5 /* OAuthAPI.swift */,
				3B641B9C29FAF01400D79AD5 /* UsersAPI.swift */,
			);
			path = APIs;
			sourceTree = "<group>";
		};
		3B641B9D29FAF01400D79AD5 /* Auth */ = {
			isa = PBXGroup;
			children = (
				3B641B9E29FAF01400D79AD5 /* Tokens.swift */,
				3B641B9F29FAF01400D79AD5 /* AuthStateRepository.swift */,
				3B641BA029FAF01400D79AD5 /* AuthError.swift */,
				3B641BA129FAF01400D79AD5 /* DefaultLogger.swift */,
				3B641BA229FAF01400D79AD5 /* Auth.swift */,
				3B641BA329FAF01400D79AD5 /* Config.swift */,
				3B641BA429FAF01400D79AD5 /* BearerTokenHandler.swift */,
				3B641BA529FAF01400D79AD5 /* BearerRequestBuilderFactory.swift */,
				3B641BA629FAF01400D79AD5 /* BearerRequestBuilder.swift */,
				3B641BA729FAF01400D79AD5 /* BearerDecodableRequestBuilder.swift */,
			);
			path = Auth;
			sourceTree = "<group>";
		};
		3B641BA929FAF01400D79AD5 /* Utils */ = {
			isa = PBXGroup;
			children = (
				3B641BAA29FAF01400D79AD5 /* APIHelper.swift */,
				3B641BAB29FAF01400D79AD5 /* URLSessionImplementations.swift */,
				3B641BAC29FAF01400D79AD5 /* CodableHelper.swift */,
				3B641BAD29FAF01400D79AD5 /* OpenISO8601DateFormatter.swift */,
				3B641BAE29FAF01400D79AD5 /* Extensions.swift */,
				3B641BAF29FAF01400D79AD5 /* Keychain.swift */,
				3B641BB029FAF01400D79AD5 /* JSONDataEncoding.swift */,
				3B641BB129FAF01400D79AD5 /* JSONEncodingHelper.swift */,
				3B641BB229FAF01400D79AD5 /* Models.swift */,
				3B641BB329FAF01400D79AD5 /* String+JWTTokenDecode.swift */,
				3B641BB429FAF01400D79AD5 /* AtomicWrapper.swift */,
			);
			path = Utils;
			sourceTree = "<group>";
		};
		3B641BB529FAF01400D79AD5 /* Models */ = {
			isa = PBXGroup;
			children = (
				3B641BB629FAF01400D79AD5 /* Users.swift */,
				3B641BB729FAF01400D79AD5 /* UserProfile.swift */,
				3B641BB829FAF01400D79AD5 /* User.swift */,
			);
			path = Models;
			sourceTree = "<group>";
		};
		3B641BB929FAF01400D79AD5 /* docs */ = {
			isa = PBXGroup;
			children = (
				3B641BBA29FAF01400D79AD5 /* OAuthAPI.md */,
				3B641BBB29FAF01400D79AD5 /* UsersAPI.md */,
				3B641BBC29FAF01400D79AD5 /* Users.md */,
				3B641BBD29FAF01400D79AD5 /* UserProfile.md */,
				3B641BBE29FAF01400D79AD5 /* User.md */,
			);
			path = docs;
			sourceTree = "<group>";
		};
/* End PBXGroup section */

/* Begin PBXHeadersBuildPhase section */
		3B1EBA6629F944E000444EEB /* Headers */ = {
			isa = PBXHeadersBuildPhase;
			buildActionMask = 2147483647;
			files = (
			);
			runOnlyForDeploymentPostprocessing = 0;
		};
/* End PBXHeadersBuildPhase section */

/* Begin PBXNativeTarget section */
		3B1EBA6A29F944E000444EEB /* KindeSDK */ = {
			isa = PBXNativeTarget;
			buildConfigurationList = 3B1EBA7E29F944E000444EEB /* Build configuration list for PBXNativeTarget "KindeSDK" */;
			buildPhases = (
				3B1EBA6629F944E000444EEB /* Headers */,
				3B1EBA6729F944E000444EEB /* Sources */,
				3B1EBA6829F944E000444EEB /* Frameworks */,
				3B1EBA6929F944E000444EEB /* Resources */,
			);
			buildRules = (
			);
			dependencies = (
			);
			name = KindeSDK;
			packageProductDependencies = (
				3B4B332C29F9490600D45A5A /* AppAuth */,
				3B4B332E29F9490600D45A5A /* AppAuthCore */,
				3B4B333029F9490600D45A5A /* AppAuthTV */,
				3B4B333329F9493D00D45A5A /* Quick */,
				3B4B333629F9496400D45A5A /* Nimble */,
			);
			productName = KindeSDKiOS;
			productReference = 3B1EBA6B29F944E000444EEB /* KindeSDK.framework */;
			productType = "com.apple.product-type.framework";
		};
		3B1EBA7129F944E000444EEB /* KindeSDKTests */ = {
			isa = PBXNativeTarget;
			buildConfigurationList = 3B1EBA7F29F944E000444EEB /* Build configuration list for PBXNativeTarget "KindeSDKTests" */;
			buildPhases = (
				3B1EBA6E29F944E000444EEB /* Sources */,
				3B1EBA6F29F944E000444EEB /* Frameworks */,
				3B1EBA7029F944E000444EEB /* Resources */,
			);
			buildRules = (
			);
			dependencies = (
				3B1EBAFD29F947DF00444EEB /* PBXTargetDependency */,
				3B1EBAFF29F947DF00444EEB /* PBXTargetDependency */,
				3B1EBB0129F947DF00444EEB /* PBXTargetDependency */,
				3B1EBA7529F944E000444EEB /* PBXTargetDependency */,
			);
			name = KindeSDKTests;
			packageProductDependencies = (
			);
			productName = KindeSDKiOSTests;
			productReference = 3B1EBA7229F944E000444EEB /* KindeSDKTests.xctest */;
			productType = "com.apple.product-type.bundle.unit-test";
		};
/* End PBXNativeTarget section */

/* Begin PBXProject section */
		3B1EBA4529F943B200444EEB /* Project object */ = {
			isa = PBXProject;
			attributes = {
				BuildIndependentTargetsInParallel = 1;
				LastSwiftUpdateCheck = 1430;
				LastUpgradeCheck = 1430;
				TargetAttributes = {
					3B1EBA6A29F944E000444EEB = {
						CreatedOnToolsVersion = 14.3;
						LastSwiftMigration = 1430;
					};
					3B1EBA7129F944E000444EEB = {
						CreatedOnToolsVersion = 14.3;
					};
				};
			};
			buildConfigurationList = 3B1EBA4829F943B200444EEB /* Build configuration list for PBXProject "KindeSDK" */;
			compatibilityVersion = "Xcode 14.0";
			developmentRegion = en;
			hasScannedForEncodings = 0;
			knownRegions = (
				en,
				Base,
			);
			mainGroup = 3B1EBA4429F943B200444EEB;
			packageReferences = (
				3B4B332B29F9490600D45A5A /* XCRemoteSwiftPackageReference "AppAuth-iOS" */,
				3B4B333229F9493D00D45A5A /* XCRemoteSwiftPackageReference "Quick" */,
				3B4B333529F9496400D45A5A /* XCRemoteSwiftPackageReference "Nimble" */,
			);
			productRefGroup = 3B1EBA4F29F943B200444EEB /* Products */;
			projectDirPath = "";
			projectRoot = "";
			targets = (
				3B1EBA6A29F944E000444EEB /* KindeSDK */,
				3B1EBA7129F944E000444EEB /* KindeSDKTests */,
			);
		};
/* End PBXProject section */

/* Begin PBXResourcesBuildPhase section */
		3B1EBA6929F944E000444EEB /* Resources */ = {
			isa = PBXResourcesBuildPhase;
			buildActionMask = 2147483647;
			files = (
				3B641BDD29FAF01400D79AD5 /* UserProfile.md in Resources */,
				3B641BDB29FAF01400D79AD5 /* UsersAPI.md in Resources */,
				3B1EBAD429F945DB00444EEB /* LICENSE in Resources */,
				3B641BDA29FAF01400D79AD5 /* OAuthAPI.md in Resources */,
				3B1EBAAF29F945DB00444EEB /* KindeSDK.podspec in Resources */,
				3B641BDE29FAF01400D79AD5 /* User.md in Resources */,
				3B1EBAD329F945DB00444EEB /* Package.resolved in Resources */,
				3B641BDC29FAF01400D79AD5 /* Users.md in Resources */,
			);
			runOnlyForDeploymentPostprocessing = 0;
		};
		3B1EBA7029F944E000444EEB /* Resources */ = {
			isa = PBXResourcesBuildPhase;
			buildActionMask = 2147483647;
			files = (
			);
			runOnlyForDeploymentPostprocessing = 0;
		};
/* End PBXResourcesBuildPhase section */

/* Begin PBXSourcesBuildPhase section */
		3B1EBA6729F944E000444EEB /* Sources */ = {
			isa = PBXSourcesBuildPhase;
			buildActionMask = 2147483647;
			files = (
				3B641BD229FAF01400D79AD5 /* JSONDataEncoding.swift in Sources */,
				3B641BCC29FAF01400D79AD5 /* APIHelper.swift in Sources */,
				3B641BD029FAF01400D79AD5 /* Extensions.swift in Sources */,
				3B641BBF29FAF01400D79AD5 /* OAuthAPI.swift in Sources */,
				3B641BCF29FAF01400D79AD5 /* OpenISO8601DateFormatter.swift in Sources */,
				3B641BD929FAF01400D79AD5 /* User.swift in Sources */,
				3B641BC829FAF01400D79AD5 /* BearerRequestBuilderFactory.swift in Sources */,
				3B641BC029FAF01400D79AD5 /* UsersAPI.swift in Sources */,
				3B641BD529FAF01400D79AD5 /* String+JWTTokenDecode.swift in Sources */,
				3B641BCD29FAF01400D79AD5 /* URLSessionImplementations.swift in Sources */,
				3B641BD329FAF01400D79AD5 /* JSONEncodingHelper.swift in Sources */,
				3B641BC129FAF01400D79AD5 /* Tokens.swift in Sources */,
				3B641BC229FAF01400D79AD5 /* AuthStateRepository.swift in Sources */,
				3B641BD829FAF01400D79AD5 /* UserProfile.swift in Sources */,
				3B641BD729FAF01400D79AD5 /* Users.swift in Sources */,
				3B641BD429FAF01400D79AD5 /* Models.swift in Sources */,
				3B641BC529FAF01400D79AD5 /* Auth.swift in Sources */,
				3B641BCE29FAF01400D79AD5 /* CodableHelper.swift in Sources */,
				3B641BD129FAF01400D79AD5 /* Keychain.swift in Sources */,
				3B641BC629FAF01400D79AD5 /* Config.swift in Sources */,
				3B641BC929FAF01400D79AD5 /* BearerRequestBuilder.swift in Sources */,
				3B641BC729FAF01400D79AD5 /* BearerTokenHandler.swift in Sources */,
				3B641BC329FAF01400D79AD5 /* AuthError.swift in Sources */,
				3B641BD629FAF01400D79AD5 /* AtomicWrapper.swift in Sources */,
				3B641BCA29FAF01400D79AD5 /* BearerDecodableRequestBuilder.swift in Sources */,
				3B641BC429FAF01400D79AD5 /* DefaultLogger.swift in Sources */,
				3B641BCB29FAF01400D79AD5 /* APIs.swift in Sources */,
			);
			runOnlyForDeploymentPostprocessing = 0;
		};
		3B1EBA6E29F944E000444EEB /* Sources */ = {
			isa = PBXSourcesBuildPhase;
			buildActionMask = 2147483647;
			files = (
				3B1EBAF329F9472300444EEB /* DefaultLoggerSpec.swift in Sources */,
				3B1EBAF129F9472300444EEB /* StringJWTTokenDecodeSpec.swift in Sources */,
				3B1EBAEF29F9472300444EEB /* AuthErrorSpec.swift in Sources */,
				3B641BE929FB0F6300D79AD5 /* AuthSpec.swift in Sources */,
				3B1EBAF029F9472300444EEB /* ConfigSpec.swift in Sources */,
			);
			runOnlyForDeploymentPostprocessing = 0;
		};
/* End PBXSourcesBuildPhase section */

/* Begin PBXTargetDependency section */
		3B1EBA7529F944E000444EEB /* PBXTargetDependency */ = {
			isa = PBXTargetDependency;
			target = 3B1EBA6A29F944E000444EEB /* KindeSDK */;
			targetProxy = 3B1EBA7429F944E000444EEB /* PBXContainerItemProxy */;
		};
		3B1EBAFD29F947DF00444EEB /* PBXTargetDependency */ = {
			isa = PBXTargetDependency;
			productRef = 3B1EBAFC29F947DF00444EEB /* AppAuth */;
		};
		3B1EBAFF29F947DF00444EEB /* PBXTargetDependency */ = {
			isa = PBXTargetDependency;
			productRef = 3B1EBAFE29F947DF00444EEB /* AppAuthCore */;
		};
		3B1EBB0129F947DF00444EEB /* PBXTargetDependency */ = {
			isa = PBXTargetDependency;
			productRef = 3B1EBB0029F947DF00444EEB /* AppAuthTV */;
		};
/* End PBXTargetDependency section */

/* Begin XCBuildConfiguration section */
		3B1EBA5E29F943B200444EEB /* Debug */ = {
			isa = XCBuildConfiguration;
			buildSettings = {
				ALWAYS_SEARCH_USER_PATHS = NO;
				CLANG_ANALYZER_NONNULL = YES;
				CLANG_ANALYZER_NUMBER_OBJECT_CONVERSION = YES_AGGRESSIVE;
				CLANG_CXX_LANGUAGE_STANDARD = "gnu++20";
				CLANG_ENABLE_MODULES = YES;
				CLANG_ENABLE_OBJC_ARC = YES;
				CLANG_ENABLE_OBJC_WEAK = YES;
				CLANG_WARN_BLOCK_CAPTURE_AUTORELEASING = YES;
				CLANG_WARN_BOOL_CONVERSION = YES;
				CLANG_WARN_COMMA = YES;
				CLANG_WARN_CONSTANT_CONVERSION = YES;
				CLANG_WARN_DEPRECATED_OBJC_IMPLEMENTATIONS = YES;
				CLANG_WARN_DIRECT_OBJC_ISA_USAGE = YES_ERROR;
				CLANG_WARN_DOCUMENTATION_COMMENTS = YES;
				CLANG_WARN_EMPTY_BODY = YES;
				CLANG_WARN_ENUM_CONVERSION = YES;
				CLANG_WARN_INFINITE_RECURSION = YES;
				CLANG_WARN_INT_CONVERSION = YES;
				CLANG_WARN_NON_LITERAL_NULL_CONVERSION = YES;
				CLANG_WARN_OBJC_IMPLICIT_RETAIN_SELF = YES;
				CLANG_WARN_OBJC_LITERAL_CONVERSION = YES;
				CLANG_WARN_OBJC_ROOT_CLASS = YES_ERROR;
				CLANG_WARN_QUOTED_INCLUDE_IN_FRAMEWORK_HEADER = YES;
				CLANG_WARN_RANGE_LOOP_ANALYSIS = YES;
				CLANG_WARN_STRICT_PROTOTYPES = YES;
				CLANG_WARN_SUSPICIOUS_MOVE = YES;
				CLANG_WARN_UNGUARDED_AVAILABILITY = YES_AGGRESSIVE;
				CLANG_WARN_UNREACHABLE_CODE = YES;
				CLANG_WARN__DUPLICATE_METHOD_MATCH = YES;
				COPY_PHASE_STRIP = NO;
				CURRENT_PROJECT_VERSION = 1;
				DEBUG_INFORMATION_FORMAT = dwarf;
				ENABLE_STRICT_OBJC_MSGSEND = YES;
				ENABLE_TESTABILITY = YES;
				ENABLE_TESTING_SEARCH_PATHS = YES;
				GCC_C_LANGUAGE_STANDARD = gnu11;
				GCC_DYNAMIC_NO_PIC = NO;
				GCC_NO_COMMON_BLOCKS = YES;
				GCC_OPTIMIZATION_LEVEL = 0;
				GCC_PREPROCESSOR_DEFINITIONS = (
					"DEBUG=1",
					"$(inherited)",
				);
				GCC_WARN_64_TO_32_BIT_CONVERSION = YES;
				GCC_WARN_ABOUT_RETURN_TYPE = YES_ERROR;
				GCC_WARN_UNDECLARED_SELECTOR = YES;
				GCC_WARN_UNINITIALIZED_AUTOS = YES_AGGRESSIVE;
				GCC_WARN_UNUSED_FUNCTION = YES;
				GCC_WARN_UNUSED_VARIABLE = YES;
				IPHONEOS_DEPLOYMENT_TARGET = 16.4;
				MTL_ENABLE_DEBUG_INFO = INCLUDE_SOURCE;
				MTL_FAST_MATH = YES;
				ONLY_ACTIVE_ARCH = YES;
				SDKROOT = iphoneos;
				SWIFT_ACTIVE_COMPILATION_CONDITIONS = DEBUG;
				SWIFT_INSTALL_OBJC_HEADER = NO;
				SWIFT_OPTIMIZATION_LEVEL = "-Onone";
				VERSIONING_SYSTEM = "apple-generic";
				VERSION_INFO_PREFIX = "";
			};
			name = Debug;
		};
		3B1EBA5F29F943B200444EEB /* Release */ = {
			isa = XCBuildConfiguration;
			buildSettings = {
				ALWAYS_SEARCH_USER_PATHS = NO;
				CLANG_ANALYZER_NONNULL = YES;
				CLANG_ANALYZER_NUMBER_OBJECT_CONVERSION = YES_AGGRESSIVE;
				CLANG_CXX_LANGUAGE_STANDARD = "gnu++20";
				CLANG_ENABLE_MODULES = YES;
				CLANG_ENABLE_OBJC_ARC = YES;
				CLANG_ENABLE_OBJC_WEAK = YES;
				CLANG_WARN_BLOCK_CAPTURE_AUTORELEASING = YES;
				CLANG_WARN_BOOL_CONVERSION = YES;
				CLANG_WARN_COMMA = YES;
				CLANG_WARN_CONSTANT_CONVERSION = YES;
				CLANG_WARN_DEPRECATED_OBJC_IMPLEMENTATIONS = YES;
				CLANG_WARN_DIRECT_OBJC_ISA_USAGE = YES_ERROR;
				CLANG_WARN_DOCUMENTATION_COMMENTS = YES;
				CLANG_WARN_EMPTY_BODY = YES;
				CLANG_WARN_ENUM_CONVERSION = YES;
				CLANG_WARN_INFINITE_RECURSION = YES;
				CLANG_WARN_INT_CONVERSION = YES;
				CLANG_WARN_NON_LITERAL_NULL_CONVERSION = YES;
				CLANG_WARN_OBJC_IMPLICIT_RETAIN_SELF = YES;
				CLANG_WARN_OBJC_LITERAL_CONVERSION = YES;
				CLANG_WARN_OBJC_ROOT_CLASS = YES_ERROR;
				CLANG_WARN_QUOTED_INCLUDE_IN_FRAMEWORK_HEADER = YES;
				CLANG_WARN_RANGE_LOOP_ANALYSIS = YES;
				CLANG_WARN_STRICT_PROTOTYPES = YES;
				CLANG_WARN_SUSPICIOUS_MOVE = YES;
				CLANG_WARN_UNGUARDED_AVAILABILITY = YES_AGGRESSIVE;
				CLANG_WARN_UNREACHABLE_CODE = YES;
				CLANG_WARN__DUPLICATE_METHOD_MATCH = YES;
				COPY_PHASE_STRIP = NO;
				CURRENT_PROJECT_VERSION = 1;
				DEBUG_INFORMATION_FORMAT = "dwarf-with-dsym";
				ENABLE_NS_ASSERTIONS = NO;
				ENABLE_STRICT_OBJC_MSGSEND = YES;
				ENABLE_TESTING_SEARCH_PATHS = YES;
				GCC_C_LANGUAGE_STANDARD = gnu11;
				GCC_NO_COMMON_BLOCKS = YES;
				GCC_WARN_64_TO_32_BIT_CONVERSION = YES;
				GCC_WARN_ABOUT_RETURN_TYPE = YES_ERROR;
				GCC_WARN_UNDECLARED_SELECTOR = YES;
				GCC_WARN_UNINITIALIZED_AUTOS = YES_AGGRESSIVE;
				GCC_WARN_UNUSED_FUNCTION = YES;
				GCC_WARN_UNUSED_VARIABLE = YES;
				IPHONEOS_DEPLOYMENT_TARGET = 16.4;
				MTL_ENABLE_DEBUG_INFO = NO;
				MTL_FAST_MATH = YES;
				SDKROOT = iphoneos;
				SWIFT_COMPILATION_MODE = wholemodule;
				SWIFT_INSTALL_OBJC_HEADER = NO;
				SWIFT_OPTIMIZATION_LEVEL = "-O";
				VALIDATE_PRODUCT = YES;
				VERSIONING_SYSTEM = "apple-generic";
				VERSION_INFO_PREFIX = "";
			};
			name = Release;
		};
		3B1EBA7A29F944E000444EEB /* Debug */ = {
			isa = XCBuildConfiguration;
			buildSettings = {
				CLANG_ENABLE_MODULES = YES;
				CODE_SIGN_STYLE = Automatic;
				CURRENT_PROJECT_VERSION = 1;
				DEFINES_MODULE = YES;
				DYLIB_COMPATIBILITY_VERSION = 1;
				DYLIB_CURRENT_VERSION = 1;
				DYLIB_INSTALL_NAME_BASE = "@rpath";
				ENABLE_MODULE_VERIFIER = YES;
				ENABLE_TESTING_SEARCH_PATHS = YES;
				EXCLUDED_ARCHS = "";
				GENERATE_INFOPLIST_FILE = YES;
				INFOPLIST_KEY_NSHumanReadableCopyright = "";
				INSTALL_PATH = "$(LOCAL_LIBRARY_DIR)/Frameworks";
				LD_RUNPATH_SEARCH_PATHS = (
					"$(inherited)",
					"@executable_path/Frameworks",
					"@loader_path/Frameworks",
				);
				MARKETING_VERSION = 1.0;
				MODULE_VERIFIER_SUPPORTED_LANGUAGES = "objective-c objective-c++";
				MODULE_VERIFIER_SUPPORTED_LANGUAGE_STANDARDS = "gnu11 gnu++20";
				PRODUCT_BUNDLE_IDENTIFIER = com.kinde.KindeSDK.KindeSDK;
				PRODUCT_NAME = "$(TARGET_NAME:c99extidentifier)";
				SKIP_INSTALL = YES;
				SWIFT_EMIT_LOC_STRINGS = YES;
				SWIFT_INSTALL_OBJC_HEADER = NO;
				SWIFT_OPTIMIZATION_LEVEL = "-Onone";
				SWIFT_VERSION = 5.0;
				TARGETED_DEVICE_FAMILY = "1,2";
			};
			name = Debug;
		};
		3B1EBA7B29F944E000444EEB /* Release */ = {
			isa = XCBuildConfiguration;
			buildSettings = {
				CLANG_ENABLE_MODULES = YES;
				CODE_SIGN_STYLE = Automatic;
				CURRENT_PROJECT_VERSION = 1;
				DEFINES_MODULE = YES;
				DYLIB_COMPATIBILITY_VERSION = 1;
				DYLIB_CURRENT_VERSION = 1;
				DYLIB_INSTALL_NAME_BASE = "@rpath";
				ENABLE_MODULE_VERIFIER = YES;
				ENABLE_TESTING_SEARCH_PATHS = YES;
				EXCLUDED_ARCHS = "";
				GENERATE_INFOPLIST_FILE = YES;
				INFOPLIST_KEY_NSHumanReadableCopyright = "";
				INSTALL_PATH = "$(LOCAL_LIBRARY_DIR)/Frameworks";
				LD_RUNPATH_SEARCH_PATHS = (
					"$(inherited)",
					"@executable_path/Frameworks",
					"@loader_path/Frameworks",
				);
				MARKETING_VERSION = 1.0;
				MODULE_VERIFIER_SUPPORTED_LANGUAGES = "objective-c objective-c++";
				MODULE_VERIFIER_SUPPORTED_LANGUAGE_STANDARDS = "gnu11 gnu++20";
				PRODUCT_BUNDLE_IDENTIFIER = com.kinde.KindeSDK.KindeSDK;
				PRODUCT_NAME = "$(TARGET_NAME:c99extidentifier)";
				SKIP_INSTALL = YES;
				SWIFT_EMIT_LOC_STRINGS = YES;
				SWIFT_INSTALL_OBJC_HEADER = NO;
				SWIFT_VERSION = 5.0;
				TARGETED_DEVICE_FAMILY = "1,2";
			};
			name = Release;
		};
		3B1EBA7C29F944E000444EEB /* Debug */ = {
			isa = XCBuildConfiguration;
			buildSettings = {
				ALWAYS_EMBED_SWIFT_STANDARD_LIBRARIES = YES;
				CODE_SIGN_STYLE = Automatic;
				CURRENT_PROJECT_VERSION = 1;
				GENERATE_INFOPLIST_FILE = YES;
				MARKETING_VERSION = 1.0;
				PRODUCT_BUNDLE_IDENTIFIER = com.kinde.KindeSDK.KindeSDKTests;
				PRODUCT_NAME = "$(TARGET_NAME)";
				SWIFT_EMIT_LOC_STRINGS = NO;
				SWIFT_INSTALL_OBJC_HEADER = NO;
				SWIFT_VERSION = 5.0;
				TARGETED_DEVICE_FAMILY = "1,2";
			};
			name = Debug;
		};
		3B1EBA7D29F944E000444EEB /* Release */ = {
			isa = XCBuildConfiguration;
			buildSettings = {
				ALWAYS_EMBED_SWIFT_STANDARD_LIBRARIES = YES;
				CODE_SIGN_STYLE = Automatic;
				CURRENT_PROJECT_VERSION = 1;
				GENERATE_INFOPLIST_FILE = YES;
				MARKETING_VERSION = 1.0;
				PRODUCT_BUNDLE_IDENTIFIER = com.kinde.KindeSDK.KindeSDKTests;
				PRODUCT_NAME = "$(TARGET_NAME)";
				SWIFT_EMIT_LOC_STRINGS = NO;
				SWIFT_INSTALL_OBJC_HEADER = NO;
				SWIFT_VERSION = 5.0;
				TARGETED_DEVICE_FAMILY = "1,2";
			};
			name = Release;
		};
/* End XCBuildConfiguration section */

/* Begin XCConfigurationList section */
		3B1EBA4829F943B200444EEB /* Build configuration list for PBXProject "KindeSDK" */ = {
			isa = XCConfigurationList;
			buildConfigurations = (
				3B1EBA5E29F943B200444EEB /* Debug */,
				3B1EBA5F29F943B200444EEB /* Release */,
			);
			defaultConfigurationIsVisible = 0;
			defaultConfigurationName = Release;
		};
		3B1EBA7E29F944E000444EEB /* Build configuration list for PBXNativeTarget "KindeSDK" */ = {
			isa = XCConfigurationList;
			buildConfigurations = (
				3B1EBA7A29F944E000444EEB /* Debug */,
				3B1EBA7B29F944E000444EEB /* Release */,
			);
			defaultConfigurationIsVisible = 0;
			defaultConfigurationName = Release;
		};
		3B1EBA7F29F944E000444EEB /* Build configuration list for PBXNativeTarget "KindeSDKTests" */ = {
			isa = XCConfigurationList;
			buildConfigurations = (
				3B1EBA7C29F944E000444EEB /* Debug */,
				3B1EBA7D29F944E000444EEB /* Release */,
			);
			defaultConfigurationIsVisible = 0;
			defaultConfigurationName = Release;
		};
/* End XCConfigurationList section */

/* Begin XCRemoteSwiftPackageReference section */
		3B1EBAD529F9464000444EEB /* XCRemoteSwiftPackageReference "AppAuth-iOS" */ = {
			isa = XCRemoteSwiftPackageReference;
			repositoryURL = "https://github.com/openid/AppAuth-iOS.git";
			requirement = {
				kind = exactVersion;
				version = 1.6.0;
			};
		};
		3B4B332B29F9490600D45A5A /* XCRemoteSwiftPackageReference "AppAuth-iOS" */ = {
			isa = XCRemoteSwiftPackageReference;
			repositoryURL = "https://github.com/openid/AppAuth-iOS.git";
			requirement = {
				kind = exactVersion;
				version = 1.6.0;
			};
		};
		3B4B333229F9493D00D45A5A /* XCRemoteSwiftPackageReference "Quick" */ = {
			isa = XCRemoteSwiftPackageReference;
			repositoryURL = "https://github.com/Quick/Quick.git";
			requirement = {
				branch = main;
				kind = branch;
			};
		};
		3B4B333529F9496400D45A5A /* XCRemoteSwiftPackageReference "Nimble" */ = {
			isa = XCRemoteSwiftPackageReference;
			repositoryURL = "https://github.com/Quick/Nimble.git";
			requirement = {
				branch = main;
				kind = branch;
			};
		};
/* End XCRemoteSwiftPackageReference section */

/* Begin XCSwiftPackageProductDependency section */
		3B1EBAFC29F947DF00444EEB /* AppAuth */ = {
			isa = XCSwiftPackageProductDependency;
			package = 3B1EBAD529F9464000444EEB /* XCRemoteSwiftPackageReference "AppAuth-iOS" */;
			productName = AppAuth;
		};
		3B1EBAFE29F947DF00444EEB /* AppAuthCore */ = {
			isa = XCSwiftPackageProductDependency;
			package = 3B1EBAD529F9464000444EEB /* XCRemoteSwiftPackageReference "AppAuth-iOS" */;
			productName = AppAuthCore;
		};
		3B1EBB0029F947DF00444EEB /* AppAuthTV */ = {
			isa = XCSwiftPackageProductDependency;
			package = 3B1EBAD529F9464000444EEB /* XCRemoteSwiftPackageReference "AppAuth-iOS" */;
			productName = AppAuthTV;
		};
		3B4B332C29F9490600D45A5A /* AppAuth */ = {
			isa = XCSwiftPackageProductDependency;
			package = 3B4B332B29F9490600D45A5A /* XCRemoteSwiftPackageReference "AppAuth-iOS" */;
			productName = AppAuth;
		};
		3B4B332E29F9490600D45A5A /* AppAuthCore */ = {
			isa = XCSwiftPackageProductDependency;
			package = 3B4B332B29F9490600D45A5A /* XCRemoteSwiftPackageReference "AppAuth-iOS" */;
			productName = AppAuthCore;
		};
		3B4B333029F9490600D45A5A /* AppAuthTV */ = {
			isa = XCSwiftPackageProductDependency;
			package = 3B4B332B29F9490600D45A5A /* XCRemoteSwiftPackageReference "AppAuth-iOS" */;
			productName = AppAuthTV;
		};
		3B4B333329F9493D00D45A5A /* Quick */ = {
			isa = XCSwiftPackageProductDependency;
			package = 3B4B333229F9493D00D45A5A /* XCRemoteSwiftPackageReference "Quick" */;
			productName = Quick;
		};
		3B4B333629F9496400D45A5A /* Nimble */ = {
			isa = XCSwiftPackageProductDependency;
			package = 3B4B333529F9496400D45A5A /* XCRemoteSwiftPackageReference "Nimble" */;
			productName = Nimble;
		};
/* End XCSwiftPackageProductDependency section */
	};
	rootObject = 3B1EBA4529F943B200444EEB /* Project object */;
}
