{"cliVersion":"0.20.0","productModuleName":"KindeAuthSwift_Example","sourceFilePaths":[{"path":"\/Users\/brettadams\/Desktop\/repos\/adapptor\/kinde-auth-swift\/Example\/KindeAuthSwift\/AppDelegate.swift","hash":"da9efe9edfc91417dde6e1b5a70198708497eeed"},{"path":"\/Users\/brettadams\/Desktop\/repos\/adapptor\/kinde-auth-swift\/Example\/KindeAuthSwift\/ConfigLoader.swift","hash":"fe79b8d52eb16bd6609bb446d3e08c32d61efcec"},{"path":"\/Users\/brettadams\/Desktop\/repos\/adapptor\/kinde-auth-swift\/Example\/KindeAuthSwift\/Logger.swift","hash":"663a635fd62b0a0ca6ff22db266eecddb021dcb8"},{"path":"\/Users\/brettadams\/Desktop\/repos\/adapptor\/kinde-auth-swift\/Example\/KindeAuthSwift\/ViewController.swift","hash":"9e6f3e5796617b9ff89ae3fc346b0b62a52ae738"}],"configHash":"b701dbc081a5ebf21404a406b20946363d5fbda6","dependencyPathsHash":"da39a3ee5e6b4b0d3255bfef95601890afd80709","targetPathsHash":"0c2549a27af1fd06664b6debfc47b9fd2cb1cb25","mockedTypesHash":"b443caaf94dc73ff64c212f0b4188c70a38d06c6","outputHash":"5271e70adf90458d4114cd9df89b3984be85c610","dependencies":[],"sourceRoot":"\/Users\/brettadams\/Desktop\/repos\/adapptor\/kinde-auth-swift\/Example","supportingFilePaths":[],"name":"KindeAuthSwift_Example","projectHash":"e1db1eeb7632738a87d9980a8d6f945be76c95f8"}