{"projectHash":"e1db1eeb7632738a87d9980a8d6f945be76c95f8","productModuleName":"KindeAuthSwift_Tests","mockedTypeNames":["\/Users\/brettadams\/Desktop\/repos\/adapptor\/kinde-auth-swift\/Example\/Tests\/AuthStateRepositorySpec.swift",["OIDAuthState"],"\/Users\/brettadams\/Desktop\/repos\/adapptor\/kinde-auth-swift\/Example\/Tests\/ConfigSpec.swift",[],"\/Users\/brettadams\/Desktop\/repos\/adapptor\/kinde-auth-swift\/Example\/KindeAuthSwift\/ConfigLoader.swift",[],"\/Users\/brettadams\/Desktop\/repos\/adapptor\/kinde-auth-swift\/Example\/KindeAuthSwift\/Logger.swift",[],"\/Users\/brettadams\/Desktop\/repos\/adapptor\/kinde-auth-swift\/Example\/Tests\/AuthServiceSpec.swift",[]],"cliVersion":"0.20.0","sourceFilePaths":[{"path":"\/Users\/brettadams\/Desktop\/repos\/adapptor\/kinde-auth-swift\/Example\/KindeAuthSwift\/ConfigLoader.swift","hash":"fe79b8d52eb16bd6609bb446d3e08c32d61efcec"},{"path":"\/Users\/brettadams\/Desktop\/repos\/adapptor\/kinde-auth-swift\/Example\/KindeAuthSwift\/Logger.swift","hash":"663a635fd62b0a0ca6ff22db266eecddb021dcb8"},{"path":"\/Users\/brettadams\/Desktop\/repos\/adapptor\/kinde-auth-swift\/Example\/MockingbirdMocks\/KindeAuthSwift_Tests-KindeAuthSwift_ExampleMocks.generated.swift","hash":"5271e70adf90458d4114cd9df89b3984be85c610"},{"path":"\/Users\/brettadams\/Desktop\/repos\/adapptor\/kinde-auth-swift\/Example\/Tests\/AuthServiceSpec.swift","hash":"539d2b1accf2a4b0a701185a97771f97f43e7bf6"},{"path":"\/Users\/brettadams\/Desktop\/repos\/adapptor\/kinde-auth-swift\/Example\/Tests\/AuthStateRepositorySpec.swift","hash":"34a9332358b3283174978b42add4c3ee5301cfe1"},{"path":"\/Users\/brettadams\/Desktop\/repos\/adapptor\/kinde-auth-swift\/Example\/Tests\/ConfigSpec.swift","hash":"65033bbd2193fd3831f4d35cff860ee82e4d1f91"}],"sourceRoot":"\/Users\/brettadams\/Desktop\/repos\/adapptor\/kinde-auth-swift\/Example","dependencies":[],"name":"KindeAuthSwift_Tests"}